
Microsoft Visual Studio Solution File, Format Version 12.00
# Visual Studio Version 17
VisualStudioVersion = 17.4.33122.133
MinimumVisualStudioVersion = 10.0.40219.1
Project("{FAE04EC0-301F-11D3-BF4B-00C04F79EFBC}") = "Samostalni-projekat-2026-Andrej-Radunovic", "Samostalni-projekat-2026-Andrej-Radunovic.csproj", "{0D324706-036D-4154-9915-F8B87DE4F900}"
EndProject
Global
	GlobalSection(SolutionConfigurationPlatforms) = preSolution
		Debug|Any CPU = Debug|Any CPU
		Release|Any CPU = Release|Any CPU
	EndGlobalSection
	GlobalSection(ProjectConfigurationPlatforms) = postSolution
		{0D324706-036D-4154-9915-F8B87DE4F900}.Debug|Any CPU.ActiveCfg = Debug|Any CPU
		{0D324706-036D-4154-9915-F8B87DE4F900}.Debug|Any CPU.Build.0 = Debug|Any CPU
		{0D324706-036D-4154-9915-F8B87DE4F900}.Release|Any CPU.ActiveCfg = Release|Any CPU
		{0D324706-036D-4154-9915-F8B87DE4F900}.Release|Any CPU.Build.0 = Release|Any CPU
	EndGlobalSection
	GlobalSection(SolutionProperties) = preSolution
		HideSolutionNode = FALSE
	EndGlobalSection
	GlobalSection(ExtensibilityGlobals) = postSolution
		SolutionGuid = {BBABFDA8-6475-4447-81E1-87C30CFA5A41}
	EndGlobalSection
EndGlobal
